
Microsoft Visual Studio Solution File, Format Version 12.00
# Visual Studio Version 16
VisualStudioVersion = 16.0.30717.126
MinimumVisualStudioVersion = 10.0.40219.1
Project("{FAE04EC0-301F-11D3-BF4B-00C04F79EFBC}") = "LETSDECODE", "LETSDECODE.csproj", "{33C0AEF4-7467-42AC-BEDA-1D1AA4D7EC27}"
EndProject
Global
	GlobalSection(SolutionConfigurationPlatforms) = preSolution
		Debug|Any CPU = Debug|Any CPU
		Release|Any CPU = Release|Any CPU
	EndGlobalSection
	GlobalSection(ProjectConfigurationPlatforms) = postSolution
		{33C0AEF4-7467-42AC-BEDA-1D1AA4D7EC27}.Debug|Any CPU.ActiveCfg = Debug|Any CPU
		{33C0AEF4-7467-42AC-BEDA-1D1AA4D7EC27}.Debug|Any CPU.Build.0 = Debug|Any CPU
		{33C0AEF4-7467-42AC-BEDA-1D1AA4D7EC27}.Release|Any CPU.ActiveCfg = Release|Any CPU
		{33C0AEF4-7467-42AC-BEDA-1D1AA4D7EC27}.Release|Any CPU.Build.0 = Release|Any CPU
	EndGlobalSection
	GlobalSection(SolutionProperties) = preSolution
		HideSolutionNode = FALSE
	EndGlobalSection
	GlobalSection(ExtensibilityGlobals) = postSolution
		SolutionGuid = {A8C3C164-5D6A-42AE-A2AC-CC4DE3D82438}
	EndGlobalSection
EndGlobal
