
Microsoft Visual Studio Solution File, Format Version 12.00
# Visual Studio Version 16
VisualStudioVersion = 16.0.29920.165
MinimumVisualStudioVersion = 10.0.40219.1
Project("{9A19103F-16F7-4668-BE54-9A1E7A4F7556}") = "Core", "Core\Core.csproj", "{D8A30A62-3817-40A1-B6EB-3281432D3F2F}"
EndProject
Project("{9A19103F-16F7-4668-BE54-9A1E7A4F7556}") = "Client.UI", "Client.UI\Client.UI.csproj", "{A0C31435-C5E8-471F-B3DE-567A5AF5C0C4}"
	ProjectSection(ProjectDependencies) = postProject
		{3359891D-6A7A-452D-BFC5-A4F6132D286A} = {3359891D-6A7A-452D-BFC5-A4F6132D286A}
	EndProjectSection
EndProject
Project("{9A19103F-16F7-4668-BE54-9A1E7A4F7556}") = "Infrastructure", "Infrastructure\Infrastructure.csproj", "{7B020E91-D03F-4664-86CD-DC5FC33BF5A8}"
	ProjectSection(ProjectDependencies) = postProject
		{3359891D-6A7A-452D-BFC5-A4F6132D286A} = {3359891D-6A7A-452D-BFC5-A4F6132D286A}
	EndProjectSection
EndProject
Project("{9A19103F-16F7-4668-BE54-9A1E7A4F7556}") = "OS", "OS\OS.csproj", "{E0EA41D2-AEC7-4CE8-B766-C5A1122E2DA2}"
EndProject
Project("{9A19103F-16F7-4668-BE54-9A1E7A4F7556}") = "ApplicationService", "ApplicationService\ApplicationService.csproj", "{FC33918E-378D-4F09-9CAB-197394130528}"
EndProject
Project("{2150E333-8FDC-42A3-9474-1A3956D46DE8}") = "Solution Items", "Solution Items", "{F3DBE064-0AAB-4431-BE47-AC4A04CCB1A7}"
	ProjectSection(SolutionItems) = preProject
		.editorconfig = .editorconfig
	EndProjectSection
EndProject
Project("{9A19103F-16F7-4668-BE54-9A1E7A4F7556}") = "Org.OpenAPITools", "Org.OpenAPITools\Org.OpenAPITools.csproj", "{3359891D-6A7A-452D-BFC5-A4F6132D286A}"
EndProject
Project("{FAE04EC0-301F-11D3-BF4B-00C04F79EFBC}") = "InstallerUtil", "InstallerUtil\InstallerUtil.csproj", "{D7F5016A-965F-42B7-8C6E-F9824FD043E0}"
EndProject
Project("{54435603-DBB4-11D2-8724-00A0C9A8B90C}") = "LETS-Installer", "LETS-Installer\LETS-Installer.vdproj", "{7602B239-6DFE-4828-B3AC-EFA9C1877093}"
EndProject
Project("{FAE04EC0-301F-11D3-BF4B-00C04F79EFBC}") = "LETSUpdater", "LETSUpdater\LETSUpdater.csproj", "{9EBCBB34-0693-41D2-BB92-65074E7561BE}"
EndProject
Project("{FAE04EC0-301F-11D3-BF4B-00C04F79EFBC}") = "setup", "setup\setup.csproj", "{B1FF9DE4-EE04-4B7C-91AA-0495771A7586}"
EndProject
Project("{FAE04EC0-301F-11D3-BF4B-00C04F79EFBC}") = "LETSDECODE", "LETSDECODE\LETSDECODE.csproj", "{33C0AEF4-7467-42AC-BEDA-1D1AA4D7EC27}"
EndProject
Global
	GlobalSection(SolutionConfigurationPlatforms) = preSolution
		Debug|Any CPU = Debug|Any CPU
		Debug|x86 = Debug|x86
		Release|Any CPU = Release|Any CPU
		Release|x86 = Release|x86
	EndGlobalSection
	GlobalSection(ProjectConfigurationPlatforms) = postSolution
		{D8A30A62-3817-40A1-B6EB-3281432D3F2F}.Debug|Any CPU.ActiveCfg = Debug|Any CPU
		{D8A30A62-3817-40A1-B6EB-3281432D3F2F}.Debug|Any CPU.Build.0 = Debug|Any CPU
		{D8A30A62-3817-40A1-B6EB-3281432D3F2F}.Debug|x86.ActiveCfg = Debug|x86
		{D8A30A62-3817-40A1-B6EB-3281432D3F2F}.Debug|x86.Build.0 = Debug|x86
		{D8A30A62-3817-40A1-B6EB-3281432D3F2F}.Release|Any CPU.ActiveCfg = Release|Any CPU
		{D8A30A62-3817-40A1-B6EB-3281432D3F2F}.Release|Any CPU.Build.0 = Release|Any CPU
		{D8A30A62-3817-40A1-B6EB-3281432D3F2F}.Release|x86.ActiveCfg = Release|x86
		{D8A30A62-3817-40A1-B6EB-3281432D3F2F}.Release|x86.Build.0 = Release|x86
		{A0C31435-C5E8-471F-B3DE-567A5AF5C0C4}.Debug|Any CPU.ActiveCfg = Debug|Any CPU
		{A0C31435-C5E8-471F-B3DE-567A5AF5C0C4}.Debug|Any CPU.Build.0 = Debug|Any CPU
		{A0C31435-C5E8-471F-B3DE-567A5AF5C0C4}.Debug|x86.ActiveCfg = Debug|x86
		{A0C31435-C5E8-471F-B3DE-567A5AF5C0C4}.Debug|x86.Build.0 = Debug|x86
		{A0C31435-C5E8-471F-B3DE-567A5AF5C0C4}.Release|Any CPU.ActiveCfg = Release|Any CPU
		{A0C31435-C5E8-471F-B3DE-567A5AF5C0C4}.Release|Any CPU.Build.0 = Release|Any CPU
		{A0C31435-C5E8-471F-B3DE-567A5AF5C0C4}.Release|x86.ActiveCfg = Release|x86
		{A0C31435-C5E8-471F-B3DE-567A5AF5C0C4}.Release|x86.Build.0 = Release|x86
		{7B020E91-D03F-4664-86CD-DC5FC33BF5A8}.Debug|Any CPU.ActiveCfg = Debug|Any CPU
		{7B020E91-D03F-4664-86CD-DC5FC33BF5A8}.Debug|Any CPU.Build.0 = Debug|Any CPU
		{7B020E91-D03F-4664-86CD-DC5FC33BF5A8}.Debug|x86.ActiveCfg = Debug|x86
		{7B020E91-D03F-4664-86CD-DC5FC33BF5A8}.Debug|x86.Build.0 = Debug|x86
		{7B020E91-D03F-4664-86CD-DC5FC33BF5A8}.Release|Any CPU.ActiveCfg = Release|Any CPU
		{7B020E91-D03F-4664-86CD-DC5FC33BF5A8}.Release|Any CPU.Build.0 = Release|Any CPU
		{7B020E91-D03F-4664-86CD-DC5FC33BF5A8}.Release|x86.ActiveCfg = Release|x86
		{7B020E91-D03F-4664-86CD-DC5FC33BF5A8}.Release|x86.Build.0 = Release|x86
		{E0EA41D2-AEC7-4CE8-B766-C5A1122E2DA2}.Debug|Any CPU.ActiveCfg = Debug|Any CPU
		{E0EA41D2-AEC7-4CE8-B766-C5A1122E2DA2}.Debug|Any CPU.Build.0 = Debug|Any CPU
		{E0EA41D2-AEC7-4CE8-B766-C5A1122E2DA2}.Debug|x86.ActiveCfg = Debug|x86
		{E0EA41D2-AEC7-4CE8-B766-C5A1122E2DA2}.Debug|x86.Build.0 = Debug|x86
		{E0EA41D2-AEC7-4CE8-B766-C5A1122E2DA2}.Release|Any CPU.ActiveCfg = Release|Any CPU
		{E0EA41D2-AEC7-4CE8-B766-C5A1122E2DA2}.Release|Any CPU.Build.0 = Release|Any CPU
		{E0EA41D2-AEC7-4CE8-B766-C5A1122E2DA2}.Release|x86.ActiveCfg = Release|x86
		{E0EA41D2-AEC7-4CE8-B766-C5A1122E2DA2}.Release|x86.Build.0 = Release|x86
		{FC33918E-378D-4F09-9CAB-197394130528}.Debug|Any CPU.ActiveCfg = Debug|Any CPU
		{FC33918E-378D-4F09-9CAB-197394130528}.Debug|Any CPU.Build.0 = Debug|Any CPU
		{FC33918E-378D-4F09-9CAB-197394130528}.Debug|x86.ActiveCfg = Debug|x86
		{FC33918E-378D-4F09-9CAB-197394130528}.Debug|x86.Build.0 = Debug|x86
		{FC33918E-378D-4F09-9CAB-197394130528}.Release|Any CPU.ActiveCfg = Release|Any CPU
		{FC33918E-378D-4F09-9CAB-197394130528}.Release|Any CPU.Build.0 = Release|Any CPU
		{FC33918E-378D-4F09-9CAB-197394130528}.Release|x86.ActiveCfg = Release|x86
		{FC33918E-378D-4F09-9CAB-197394130528}.Release|x86.Build.0 = Release|x86
		{3359891D-6A7A-452D-BFC5-A4F6132D286A}.Debug|Any CPU.ActiveCfg = Debug|Any CPU
		{3359891D-6A7A-452D-BFC5-A4F6132D286A}.Debug|Any CPU.Build.0 = Debug|Any CPU
		{3359891D-6A7A-452D-BFC5-A4F6132D286A}.Debug|x86.ActiveCfg = Debug|Any CPU
		{3359891D-6A7A-452D-BFC5-A4F6132D286A}.Debug|x86.Build.0 = Debug|Any CPU
		{3359891D-6A7A-452D-BFC5-A4F6132D286A}.Release|Any CPU.ActiveCfg = Release|Any CPU
		{3359891D-6A7A-452D-BFC5-A4F6132D286A}.Release|Any CPU.Build.0 = Release|Any CPU
		{3359891D-6A7A-452D-BFC5-A4F6132D286A}.Release|x86.ActiveCfg = Release|Any CPU
		{3359891D-6A7A-452D-BFC5-A4F6132D286A}.Release|x86.Build.0 = Release|Any CPU
		{D7F5016A-965F-42B7-8C6E-F9824FD043E0}.Debug|Any CPU.ActiveCfg = Debug|Any CPU
		{D7F5016A-965F-42B7-8C6E-F9824FD043E0}.Debug|Any CPU.Build.0 = Debug|Any CPU
		{D7F5016A-965F-42B7-8C6E-F9824FD043E0}.Debug|x86.ActiveCfg = Debug|Any CPU
		{D7F5016A-965F-42B7-8C6E-F9824FD043E0}.Debug|x86.Build.0 = Debug|Any CPU
		{D7F5016A-965F-42B7-8C6E-F9824FD043E0}.Release|Any CPU.ActiveCfg = Release|Any CPU
		{D7F5016A-965F-42B7-8C6E-F9824FD043E0}.Release|Any CPU.Build.0 = Release|Any CPU
		{D7F5016A-965F-42B7-8C6E-F9824FD043E0}.Release|x86.ActiveCfg = Release|Any CPU
		{D7F5016A-965F-42B7-8C6E-F9824FD043E0}.Release|x86.Build.0 = Release|Any CPU
		{7602B239-6DFE-4828-B3AC-EFA9C1877093}.Debug|Any CPU.ActiveCfg = Debug
		{7602B239-6DFE-4828-B3AC-EFA9C1877093}.Debug|Any CPU.Build.0 = Debug
		{7602B239-6DFE-4828-B3AC-EFA9C1877093}.Debug|x86.ActiveCfg = Debug
		{7602B239-6DFE-4828-B3AC-EFA9C1877093}.Debug|x86.Build.0 = Debug
		{7602B239-6DFE-4828-B3AC-EFA9C1877093}.Release|Any CPU.ActiveCfg = Release
		{7602B239-6DFE-4828-B3AC-EFA9C1877093}.Release|Any CPU.Build.0 = Release
		{7602B239-6DFE-4828-B3AC-EFA9C1877093}.Release|x86.ActiveCfg = Release
		{7602B239-6DFE-4828-B3AC-EFA9C1877093}.Release|x86.Build.0 = Release
		{9EBCBB34-0693-41D2-BB92-65074E7561BE}.Debug|Any CPU.ActiveCfg = Debug|Any CPU
		{9EBCBB34-0693-41D2-BB92-65074E7561BE}.Debug|Any CPU.Build.0 = Debug|Any CPU
		{9EBCBB34-0693-41D2-BB92-65074E7561BE}.Debug|x86.ActiveCfg = Debug|Any CPU
		{9EBCBB34-0693-41D2-BB92-65074E7561BE}.Debug|x86.Build.0 = Debug|Any CPU
		{9EBCBB34-0693-41D2-BB92-65074E7561BE}.Release|Any CPU.ActiveCfg = Release|Any CPU
		{9EBCBB34-0693-41D2-BB92-65074E7561BE}.Release|Any CPU.Build.0 = Release|Any CPU
		{9EBCBB34-0693-41D2-BB92-65074E7561BE}.Release|x86.ActiveCfg = Release|Any CPU
		{9EBCBB34-0693-41D2-BB92-65074E7561BE}.Release|x86.Build.0 = Release|Any CPU
		{B1FF9DE4-EE04-4B7C-91AA-0495771A7586}.Debug|Any CPU.ActiveCfg = Debug|Any CPU
		{B1FF9DE4-EE04-4B7C-91AA-0495771A7586}.Debug|Any CPU.Build.0 = Debug|Any CPU
		{B1FF9DE4-EE04-4B7C-91AA-0495771A7586}.Debug|x86.ActiveCfg = Debug|Any CPU
		{B1FF9DE4-EE04-4B7C-91AA-0495771A7586}.Debug|x86.Build.0 = Debug|Any CPU
		{B1FF9DE4-EE04-4B7C-91AA-0495771A7586}.Release|Any CPU.ActiveCfg = Release|Any CPU
		{B1FF9DE4-EE04-4B7C-91AA-0495771A7586}.Release|Any CPU.Build.0 = Release|Any CPU
		{B1FF9DE4-EE04-4B7C-91AA-0495771A7586}.Release|x86.ActiveCfg = Release|Any CPU
		{B1FF9DE4-EE04-4B7C-91AA-0495771A7586}.Release|x86.Build.0 = Release|Any CPU
		{33C0AEF4-7467-42AC-BEDA-1D1AA4D7EC27}.Debug|Any CPU.ActiveCfg = Debug|Any CPU
		{33C0AEF4-7467-42AC-BEDA-1D1AA4D7EC27}.Debug|Any CPU.Build.0 = Debug|Any CPU
		{33C0AEF4-7467-42AC-BEDA-1D1AA4D7EC27}.Debug|x86.ActiveCfg = Debug|Any CPU
		{33C0AEF4-7467-42AC-BEDA-1D1AA4D7EC27}.Debug|x86.Build.0 = Debug|Any CPU
		{33C0AEF4-7467-42AC-BEDA-1D1AA4D7EC27}.Release|Any CPU.ActiveCfg = Release|Any CPU
		{33C0AEF4-7467-42AC-BEDA-1D1AA4D7EC27}.Release|Any CPU.Build.0 = Release|Any CPU
		{33C0AEF4-7467-42AC-BEDA-1D1AA4D7EC27}.Release|x86.ActiveCfg = Release|Any CPU
		{33C0AEF4-7467-42AC-BEDA-1D1AA4D7EC27}.Release|x86.Build.0 = Release|Any CPU
	EndGlobalSection
	GlobalSection(SolutionProperties) = preSolution
		HideSolutionNode = FALSE
	EndGlobalSection
	GlobalSection(ExtensibilityGlobals) = postSolution
		SolutionGuid = {0CB434DE-06AB-40C6-97FC-2F55F8AE2AF9}
	EndGlobalSection
EndGlobal
